
Microsoft Visual Studio Solution File, Format Version 12.00
# Visual Studio 15
Project("{FAE04EC0-301F-11D3-BF4B-00C04F79EFBC}") = "Assembly-CSharp", "Assembly-CSharp.csproj", "{D3552BD8-5A0C-CFCF-C402-72C674B5F005}"
EndProject
Project("{FAE04EC0-301F-11D3-BF4B-00C04F79EFBC}") = "Assembly-CSharp-Editor", "Assembly-CSharp-Editor.csproj", "{05B79A98-AB3F-B799-A469-7944379FC280}"
EndProject
Project("{FAE04EC0-301F-11D3-BF4B-00C04F79EFBC}") = "URPWizard", "URPWizard.csproj", "{FB98B262-6643-A544-C4FC-5B3D2C8AB6EE}"
EndProject
Global
	GlobalSection(SolutionConfigurationPlatforms) = preSolution
		Debug|Any CPU = Debug|Any CPU
		Release|Any CPU = Release|Any CPU
	EndGlobalSection
	GlobalSection(ProjectConfigurationPlatforms) = postSolution
		{D3552BD8-5A0C-CFCF-C402-72C674B5F005}.Debug|Any CPU.ActiveCfg = Debug|Any CPU
		{D3552BD8-5A0C-CFCF-C402-72C674B5F005}.Debug|Any CPU.Build.0 = Debug|Any CPU
		{D3552BD8-5A0C-CFCF-C402-72C674B5F005}.Release|Any CPU.ActiveCfg = Release|Any CPU
		{D3552BD8-5A0C-CFCF-C402-72C674B5F005}.Release|Any CPU.Build.0 = Release|Any CPU
		{05B79A98-AB3F-B799-A469-7944379FC280}.Debug|Any CPU.ActiveCfg = Debug|Any CPU
		{05B79A98-AB3F-B799-A469-7944379FC280}.Debug|Any CPU.Build.0 = Debug|Any CPU
		{05B79A98-AB3F-B799-A469-7944379FC280}.Release|Any CPU.ActiveCfg = Release|Any CPU
		{05B79A98-AB3F-B799-A469-7944379FC280}.Release|Any CPU.Build.0 = Release|Any CPU
		{FB98B262-6643-A544-C4FC-5B3D2C8AB6EE}.Debug|Any CPU.ActiveCfg = Debug|Any CPU
		{FB98B262-6643-A544-C4FC-5B3D2C8AB6EE}.Debug|Any CPU.Build.0 = Debug|Any CPU
		{FB98B262-6643-A544-C4FC-5B3D2C8AB6EE}.Release|Any CPU.ActiveCfg = Release|Any CPU
		{FB98B262-6643-A544-C4FC-5B3D2C8AB6EE}.Release|Any CPU.Build.0 = Release|Any CPU
	EndGlobalSection
	GlobalSection(SolutionProperties) = preSolution
		HideSolutionNode = FALSE
	EndGlobalSection
EndGlobal
